
Microsoft Visual Studio Solution File, Format Version 12.00
# Visual Studio Version 17
VisualStudioVersion = 17.3.32929.385
MinimumVisualStudioVersion = 10.0.40219.1
Project("{9A19103F-16F7-4668-BE54-9A1E7A4F7556}") = "DAS.Trader.IntegrationClient", "DAS.Trader.IntegrationClient\DAS.Trader.IntegrationClient.csproj", "{C54C7315-DE8A-460D-8570-D3E2B4E18E14}"
EndProject
Project("{9A19103F-16F7-4668-BE54-9A1E7A4F7556}") = "DAS.Trader.IntegrationClient.Tests", "DAS.Trader.IntegrationClientTests\DAS.Trader.IntegrationClient.Tests.csproj", "{C920B78B-189A-483B-8805-56AF615520A7}"
EndProject
Global
	GlobalSection(SolutionConfigurationPlatforms) = preSolution
		Debug|Any CPU = Debug|Any CPU
		Release|Any CPU = Release|Any CPU
	EndGlobalSection
	GlobalSection(ProjectConfigurationPlatforms) = postSolution
		{C54C7315-DE8A-460D-8570-D3E2B4E18E14}.Debug|Any CPU.ActiveCfg = Debug|Any CPU
		{C54C7315-DE8A-460D-8570-D3E2B4E18E14}.Debug|Any CPU.Build.0 = Debug|Any CPU
		{C54C7315-DE8A-460D-8570-D3E2B4E18E14}.Release|Any CPU.ActiveCfg = Release|Any CPU
		{C54C7315-DE8A-460D-8570-D3E2B4E18E14}.Release|Any CPU.Build.0 = Release|Any CPU
		{C920B78B-189A-483B-8805-56AF615520A7}.Debug|Any CPU.ActiveCfg = Debug|Any CPU
		{C920B78B-189A-483B-8805-56AF615520A7}.Debug|Any CPU.Build.0 = Debug|Any CPU
		{C920B78B-189A-483B-8805-56AF615520A7}.Release|Any CPU.ActiveCfg = Release|Any CPU
		{C920B78B-189A-483B-8805-56AF615520A7}.Release|Any CPU.Build.0 = Release|Any CPU
	EndGlobalSection
	GlobalSection(SolutionProperties) = preSolution
		HideSolutionNode = FALSE
	EndGlobalSection
	GlobalSection(ExtensibilityGlobals) = postSolution
		SolutionGuid = {C76694DC-96D0-4213-AD77-CF075371E07F}
	EndGlobalSection
EndGlobal
